
Microsoft Visual Studio Solution File, Format Version 12.00
# Visual Studio Version 16
VisualStudioVersion = 16.0.31129.286
MinimumVisualStudioVersion = 10.0.40219.1
Project("{FAE04EC0-301F-11D3-BF4B-00C04F79EFBC}") = "RelationshipAttendee", "RelationshipAttendee\RelationshipAttendee.csproj", "{C157DBBB-07E6-47E9-9F43-EB42030D5685}"
EndProject
Global
	GlobalSection(SolutionConfigurationPlatforms) = preSolution
		Debug|Any CPU = Debug|Any CPU
		Release|Any CPU = Release|Any CPU
	EndGlobalSection
	GlobalSection(ProjectConfigurationPlatforms) = postSolution
		{C157DBBB-07E6-47E9-9F43-EB42030D5685}.Debug|Any CPU.ActiveCfg = Debug|Any CPU
		{C157DBBB-07E6-47E9-9F43-EB42030D5685}.Debug|Any CPU.Build.0 = Debug|Any CPU
		{C157DBBB-07E6-47E9-9F43-EB42030D5685}.Release|Any CPU.ActiveCfg = Release|Any CPU
		{C157DBBB-07E6-47E9-9F43-EB42030D5685}.Release|Any CPU.Build.0 = Release|Any CPU
	EndGlobalSection
	GlobalSection(SolutionProperties) = preSolution
		HideSolutionNode = FALSE
	EndGlobalSection
	GlobalSection(ExtensibilityGlobals) = postSolution
		SolutionGuid = {CBF564A4-6F85-4C46-893A-63EBAABB1178}
	EndGlobalSection
EndGlobal
